{
  "name": "test-project",
  "lockfileVersion": 3,
  "requires": true,
  "packages": {
    "": {
      "name": "test-project",
      "dependencies": {
        "memofy": "^1.0.3"
      },
      "devDependencies": {
        "typescript": "^5.5.4"
      }
    },
    "node_modules/amigo-js": {
      "version": "2.1.5",
      "resolved": "https://registry.npmjs.org/amigo-js/-/amigo-js-2.1.5.tgz",
      "integrity": "sha512-07TvxKt28jAsfPPyoHv7li5hu167t7EjyZo/tKl0BH7Tw+5tMAVcPmP4saW5RxYS5qHjL16uo13fbGPXo33Dew==",
      "peer": true
    },
    "node_modules/memofy": {
      "version": "1.0.3",
      "resolved": "https://registry.npmjs.org/memofy/-/memofy-1.0.3.tgz",
      "integrity": "sha512-xiqPfQ0OwI+nowXHhGIqXZDF2uKRpN5lFuIQPUVNTI4aKDCjDKBpK0Poq2PbGweuPgjYHUB3SMozlXxNVA0Crw==",
      "peerDependencies": {
        "amigo-js": "^2.1.4"
      }
    },
    "node_modules/typescript": {
      "version": "5.5.4",
      "resolved": "https://registry.npmjs.org/typescript/-/typescript-5.5.4.tgz",
      "integrity": "sha512-Mtq29sKDAEYP7aljRgtPOpTvOfbwRWlS6dPRzwjdE+C0R4brX/GUyhHSecbHMFLNBLcJIPt9nl9yG5TZ1weH+Q==",
      "dev": true,
      "bin": {
        "tsc": "bin/tsc",
        "tsserver": "bin/tsserver"
      },
      "engines": {
        "node": ">=14.17"
      }
    }
  }
}
