{
  "name": "test-project",
  "lockfileVersion": 3,
  "requires": true,
  "packages": {
    "": {
      "name": "test-project",
      "dependencies": {
        "memofy": "^0.1.0-beta.1"
      },
      "devDependencies": {
        "typescript": "^5.5.4"
      }
    },
    "node_modules/amigo-js": {
      "version": "2.1.4",
      "resolved": "https://registry.npmjs.org/amigo-js/-/amigo-js-2.1.4.tgz",
      "integrity": "sha512-2vodGwsDNoAgT2rOCDseAKAkeKfkK6kPetfXWbtq8uC0RD3XQsgmx4pGh7wNVWYTlcuVMeVsReWDXMxI8Itfnw==",
      "peer": true
    },
    "node_modules/memofy": {
      "version": "0.1.0-beta.1",
      "resolved": "https://registry.npmjs.org/memofy/-/memofy-0.1.0-beta.1.tgz",
      "integrity": "sha512-if/V3mKunld37KijDYlab1EqHrQ0D9vQ0ekdYsHX9eUanZS/14y5+uRFfHDz5leDSusipzfBWp6LREdqRfk6MA==",
      "peerDependencies": {
        "amigo-js": "^2.1.4"
      }
    },
    "node_modules/typescript": {
      "version": "5.5.4",
      "resolved": "https://registry.npmjs.org/typescript/-/typescript-5.5.4.tgz",
      "integrity": "sha512-Mtq29sKDAEYP7aljRgtPOpTvOfbwRWlS6dPRzwjdE+C0R4brX/GUyhHSecbHMFLNBLcJIPt9nl9yG5TZ1weH+Q==",
      "dev": true,
      "bin": {
        "tsc": "bin/tsc",
        "tsserver": "bin/tsserver"
      },
      "engines": {
        "node": ">=14.17"
      }
    }
  }
}
