{
  "name": "test-project",
  "lockfileVersion": 3,
  "requires": true,
  "packages": {
    "": {
      "name": "test-project",
      "dependencies": {
        "memofy": "^0.0.7"
      },
      "devDependencies": {
        "typescript": "^5.5.4"
      }
    },
    "node_modules/memofy": {
      "version": "0.0.7",
      "resolved": "https://registry.npmjs.org/memofy/-/memofy-0.0.7.tgz",
      "integrity": "sha512-/+epbNHzba5m49bcLJWoNOAvfoBLYGrCqqnBxaW9YLOJEhGR72A37M2o3byjpGa+OMkM4wuxN4oBjMxlYFiUdQ=="
    },
    "node_modules/typescript": {
      "version": "5.5.4",
      "resolved": "https://registry.npmjs.org/typescript/-/typescript-5.5.4.tgz",
      "integrity": "sha512-Mtq29sKDAEYP7aljRgtPOpTvOfbwRWlS6dPRzwjdE+C0R4brX/GUyhHSecbHMFLNBLcJIPt9nl9yG5TZ1weH+Q==",
      "dev": true,
      "bin": {
        "tsc": "bin/tsc",
        "tsserver": "bin/tsserver"
      },
      "engines": {
        "node": ">=14.17"
      }
    }
  }
}
